
Microsoft Visual Studio Solution File, Format Version 12.00
# Visual Studio Version 17
VisualStudioVersion = 17.8.34309.116
MinimumVisualStudioVersion = 10.0.40219.1
Project("{9A19103F-16F7-4668-BE54-9A1E7A4F7556}") = "TerraWorldEnginePrototype", "TerraWorldEnginePrototype\TerraWorldEnginePrototype.csproj", "{C71D1D00-C533-42A4-A31B-056492B077E6}"
EndProject
Global
	GlobalSection(SolutionConfigurationPlatforms) = preSolution
		Debug|Any CPU = Debug|Any CPU
		Release|Any CPU = Release|Any CPU
	EndGlobalSection
	GlobalSection(ProjectConfigurationPlatforms) = postSolution
		{C71D1D00-C533-42A4-A31B-056492B077E6}.Debug|Any CPU.ActiveCfg = Debug|Any CPU
		{C71D1D00-C533-42A4-A31B-056492B077E6}.Debug|Any CPU.Build.0 = Debug|Any CPU
		{C71D1D00-C533-42A4-A31B-056492B077E6}.Release|Any CPU.ActiveCfg = Release|Any CPU
		{C71D1D00-C533-42A4-A31B-056492B077E6}.Release|Any CPU.Build.0 = Release|Any CPU
	EndGlobalSection
	GlobalSection(SolutionProperties) = preSolution
		HideSolutionNode = FALSE
	EndGlobalSection
	GlobalSection(ExtensibilityGlobals) = postSolution
		SolutionGuid = {E65F13E9-3C43-4E26-9813-C62F81A5B54F}
	EndGlobalSection
EndGlobal
